// !$*UTF8*$!
{
	archiveVersion = 1;
	classes = {
	};
	objectVersion = 46;
	objects = {

/* Begin PBXBuildFile section */
		8D15AC2C0486D014006FF6A4 /* Credits.rtf in Resources */ = {isa = PBXBuildFile; fileRef = 2A37F4B9FDCFA73011CA2CEA /* Credits.rtf */; };
		8D15AC2D0486D014006FF6A4 /* MainMenu.nib in Resources */ = {isa = PBXBuildFile; fileRef = 2A37F4B6FDCFA73011CA2CEA /* MainMenu.nib */; };
		8D15AC2E0486D014006FF6A4 /* TabDocument.nib in Resources */ = {isa = PBXBuildFile; fileRef = 2A37F4B4FDCFA73011CA2CEA /* TabDocument.nib */; };
		8D15AC320486D014006FF6A4 /* main.m in Sources */ = {isa = PBXBuildFile; fileRef = 2A37F4B0FDCFA73011CA2CEA /* main.m */; settings = {ATTRIBUTES = (); }; };
		8D15AC340486D014006FF6A4 /* Cocoa.framework in Frameworks */ = {isa = PBXBuildFile; fileRef = 1058C7A7FEA54F5311CA2CBB /* Cocoa.framework */; };
		D41715F119FC7F790043561E /* VNote.swift in Sources */ = {isa = PBXBuildFile; fileRef = D41715F019FC7F790043561E /* VNote.swift */; };
		D41C8EC315856EE400CD11FB /* VTablatureTests.m in Sources */ = {isa = PBXBuildFile; fileRef = D41C8EC215856EE400CD11FB /* VTablatureTests.m */; };
		D41C8F0C15857CAF00CD11FB /* SenTestingKit.framework in Frameworks */ = {isa = PBXBuildFile; fileRef = D4EB0D9B1438DBB40034F48C /* SenTestingKit.framework */; };
		D426E9CB14C35A4A0031F745 /* TLSelectionManager.m in Sources */ = {isa = PBXBuildFile; fileRef = D426E9CA14C35A4A0031F745 /* TLSelectionManager.m */; };
		D43025271A2AAB0F009F1ED0 /* VTablature.swift in Sources */ = {isa = PBXBuildFile; fileRef = D43025261A2AAB0F009F1ED0 /* VTablature.swift */; };
		D43327560F0D83650081EBAF /* InfoPlist.strings in Resources */ = {isa = PBXBuildFile; fileRef = D43327550F0D83650081EBAF /* InfoPlist.strings */; };
		D439D4F41BC4D95A0075C65D /* VTabController.swift in Sources */ = {isa = PBXBuildFile; fileRef = D439D4F31BC4D95A0075C65D /* VTabController.swift */; };
		D45EBA82149467F30067EE82 /* keyBindings.plist in Resources */ = {isa = PBXBuildFile; fileRef = D45EBA81149467F30067EE82 /* keyBindings.plist */; };
		D464FF2B1BF9066800DA04C4 /* VTablutionDelegate.swift in Sources */ = {isa = PBXBuildFile; fileRef = D464FF2A1BF9066800DA04C4 /* VTablutionDelegate.swift */; };
		D464FF2D1BF9375300DA04C4 /* TablutionPrefs.xib in Resources */ = {isa = PBXBuildFile; fileRef = D464FF2C1BF9375300DA04C4 /* TablutionPrefs.xib */; };
		D46EFB0F1BE6F7E2008BFDA9 /* HandyTools.swift in Sources */ = {isa = PBXBuildFile; fileRef = D46EFB0E1BE6F7E1008BFDA9 /* HandyTools.swift */; };
		D479EF151BCADF7800BA2790 /* VTabDocument.swift in Sources */ = {isa = PBXBuildFile; fileRef = D479EF141BCADF7800BA2790 /* VTabDocument.swift */; };
		D479EF171BCAE3CD00BA2790 /* VEditModeTransformer.swift in Sources */ = {isa = PBXBuildFile; fileRef = D479EF161BCAE3CD00BA2790 /* VEditModeTransformer.swift */; };
		D49BD67D1BE6B16300234B4E /* VTabView.swift in Sources */ = {isa = PBXBuildFile; fileRef = D49BD67C1BE6B16300234B4E /* VTabView.swift */; };
		D4BE12C819FCB72700ED336C /* VChord.swift in Sources */ = {isa = PBXBuildFile; fileRef = D4BE12C719FCB72700ED336C /* VChord.swift */; };
		D4E609131C07956700246E25 /* tablutionDoc.icns in Resources */ = {isa = PBXBuildFile; fileRef = D4E609121C07956700246E25 /* tablutionDoc.icns */; };
		D4E609151C07D2F100246E25 /* VNoteMarks.swift in Sources */ = {isa = PBXBuildFile; fileRef = D4E609141C07D2F100246E25 /* VNoteMarks.swift */; };
		D4EB0DAC14395DA20034F48C /* InfoPlist.strings in Resources */ = {isa = PBXBuildFile; fileRef = D4EB0DAA14395DA20034F48C /* InfoPlist.strings */; };
		D4EB0DAE14395DA20034F48C /* TablutionTests.h in Resources */ = {isa = PBXBuildFile; fileRef = D4EB0DAD14395DA20034F48C /* TablutionTests.h */; };
		D4EB0DB014395DA20034F48C /* TablutionTests.m in Sources */ = {isa = PBXBuildFile; fileRef = D4EB0DAF14395DA20034F48C /* TablutionTests.m */; };
		D4F072391597AA7100CFC587 /* NSIndexSet+SetOperations.m in Sources */ = {isa = PBXBuildFile; fileRef = D4F072381597AA7100CFC587 /* NSIndexSet+SetOperations.m */; };
/* End PBXBuildFile section */

/* Begin PBXContainerItemProxy section */
		D4EB0DB5143976E90034F48C /* PBXContainerItemProxy */ = {
			isa = PBXContainerItemProxy;
			containerPortal = 2A37F4A9FDCFA73011CA2CEA /* Project object */;
			proxyType = 1;
			remoteGlobalIDString = 8D15AC270486D014006FF6A4;
			remoteInfo = tablution;
		};
/* End PBXContainerItemProxy section */

/* Begin PBXFileReference section */
		1058C7A7FEA54F5311CA2CBB /* Cocoa.framework */ = {isa = PBXFileReference; lastKnownFileType = wrapper.framework; name = Cocoa.framework; path = /System/Library/Frameworks/Cocoa.framework; sourceTree = "<absolute>"; };
		13E42FBA07B3F13500E4EEF1 /* CoreData.framework */ = {isa = PBXFileReference; lastKnownFileType = wrapper.framework; name = CoreData.framework; path = /System/Library/Frameworks/CoreData.framework; sourceTree = "<absolute>"; };
		2A37F4B0FDCFA73011CA2CEA /* main.m */ = {isa = PBXFileReference; fileEncoding = 4; lastKnownFileType = sourcecode.c.objc; path = main.m; sourceTree = "<group>"; };
		2A37F4B5FDCFA73011CA2CEA /* English */ = {isa = PBXFileReference; lastKnownFileType = wrapper.nib; name = English; path = English.lproj/TabDocument.nib; sourceTree = "<group>"; };
		2A37F4B7FDCFA73011CA2CEA /* English */ = {isa = PBXFileReference; lastKnownFileType = wrapper.nib; name = English; path = English.lproj/MainMenu.nib; sourceTree = "<group>"; };
		2A37F4BAFDCFA73011CA2CEA /* English */ = {isa = PBXFileReference; lastKnownFileType = text.rtf; name = English; path = English.lproj/Credits.rtf; sourceTree = "<group>"; };
		2A37F4C4FDCFA73011CA2CEA /* AppKit.framework */ = {isa = PBXFileReference; lastKnownFileType = wrapper.framework; name = AppKit.framework; path = /System/Library/Frameworks/AppKit.framework; sourceTree = "<absolute>"; };
		2A37F4C5FDCFA73011CA2CEA /* Foundation.framework */ = {isa = PBXFileReference; lastKnownFileType = wrapper.framework; name = Foundation.framework; path = /System/Library/Frameworks/Foundation.framework; sourceTree = "<absolute>"; };
		32DBCF750370BD2300C91783 /* tablution_Prefix.pch */ = {isa = PBXFileReference; fileEncoding = 4; lastKnownFileType = sourcecode.c.h; path = tablution_Prefix.pch; sourceTree = "<group>"; };
		8D15AC360486D014006FF6A4 /* Info.plist */ = {isa = PBXFileReference; fileEncoding = 4; lastKnownFileType = text.plist.xml; path = Info.plist; sourceTree = "<group>"; };
		8D15AC370486D014006FF6A4 /* tablution.app */ = {isa = PBXFileReference; explicitFileType = wrapper.application; includeInIndex = 0; path = tablution.app; sourceTree = BUILT_PRODUCTS_DIR; };
		D41715ED19FC65D30043561E /* tablution-Bridging-Header.h */ = {isa = PBXFileReference; lastKnownFileType = sourcecode.c.h; path = "tablution-Bridging-Header.h"; sourceTree = "<group>"; };
		D41715F019FC7F790043561E /* VNote.swift */ = {isa = PBXFileReference; fileEncoding = 4; lastKnownFileType = sourcecode.swift; path = VNote.swift; sourceTree = "<group>"; };
		D41C8EC115856EE400CD11FB /* VTablatureTests.h */ = {isa = PBXFileReference; fileEncoding = 4; lastKnownFileType = sourcecode.c.h; path = VTablatureTests.h; sourceTree = "<group>"; };
		D41C8EC215856EE400CD11FB /* VTablatureTests.m */ = {isa = PBXFileReference; fileEncoding = 4; lastKnownFileType = sourcecode.c.objc; path = VTablatureTests.m; sourceTree = "<group>"; };
		D426E9C914C35A4A0031F745 /* TLSelectionManager.h */ = {isa = PBXFileReference; fileEncoding = 4; lastKnownFileType = sourcecode.c.h; path = TLSelectionManager.h; sourceTree = "<group>"; };
		D426E9CA14C35A4A0031F745 /* TLSelectionManager.m */ = {isa = PBXFileReference; fileEncoding = 4; lastKnownFileType = sourcecode.c.objc; path = TLSelectionManager.m; sourceTree = "<group>"; };
		D42EA9D018627D96007F65F7 /* README.md */ = {isa = PBXFileReference; lastKnownFileType = text; path = README.md; sourceTree = "<group>"; };
		D43025261A2AAB0F009F1ED0 /* VTablature.swift */ = {isa = PBXFileReference; fileEncoding = 4; lastKnownFileType = sourcecode.swift; path = VTablature.swift; sourceTree = "<group>"; };
		D43327550F0D83650081EBAF /* InfoPlist.strings */ = {isa = PBXFileReference; fileEncoding = 10; lastKnownFileType = text.plist.strings; name = InfoPlist.strings; path = English.lproj/InfoPlist.strings; sourceTree = "<group>"; };
		D439D4F31BC4D95A0075C65D /* VTabController.swift */ = {isa = PBXFileReference; fileEncoding = 4; lastKnownFileType = sourcecode.swift; path = VTabController.swift; sourceTree = "<group>"; };
		D45EBA81149467F30067EE82 /* keyBindings.plist */ = {isa = PBXFileReference; fileEncoding = 4; lastKnownFileType = text.plist.xml; path = keyBindings.plist; sourceTree = "<group>"; };
		D464FF2A1BF9066800DA04C4 /* VTablutionDelegate.swift */ = {isa = PBXFileReference; fileEncoding = 4; lastKnownFileType = sourcecode.swift; path = VTablutionDelegate.swift; sourceTree = "<group>"; };
		D464FF2C1BF9375300DA04C4 /* TablutionPrefs.xib */ = {isa = PBXFileReference; fileEncoding = 4; lastKnownFileType = file.xib; path = TablutionPrefs.xib; sourceTree = "<group>"; };
		D46EFB0E1BE6F7E1008BFDA9 /* HandyTools.swift */ = {isa = PBXFileReference; fileEncoding = 4; lastKnownFileType = sourcecode.swift; path = HandyTools.swift; sourceTree = "<group>"; };
		D479EF141BCADF7800BA2790 /* VTabDocument.swift */ = {isa = PBXFileReference; fileEncoding = 4; lastKnownFileType = sourcecode.swift; path = VTabDocument.swift; sourceTree = "<group>"; };
		D479EF161BCAE3CD00BA2790 /* VEditModeTransformer.swift */ = {isa = PBXFileReference; fileEncoding = 4; lastKnownFileType = sourcecode.swift; path = VEditModeTransformer.swift; sourceTree = "<group>"; };
		D49BD67C1BE6B16300234B4E /* VTabView.swift */ = {isa = PBXFileReference; fileEncoding = 4; lastKnownFileType = sourcecode.swift; path = VTabView.swift; sourceTree = "<group>"; };
		D4BE12C719FCB72700ED336C /* VChord.swift */ = {isa = PBXFileReference; fileEncoding = 4; lastKnownFileType = sourcecode.swift; path = VChord.swift; sourceTree = "<group>"; };
		D4E609121C07956700246E25 /* tablutionDoc.icns */ = {isa = PBXFileReference; lastKnownFileType = image.icns; path = tablutionDoc.icns; sourceTree = "<group>"; };
		D4E609141C07D2F100246E25 /* VNoteMarks.swift */ = {isa = PBXFileReference; fileEncoding = 4; lastKnownFileType = sourcecode.swift; path = VNoteMarks.swift; sourceTree = "<group>"; };
		D4EB0D9B1438DBB40034F48C /* SenTestingKit.framework */ = {isa = PBXFileReference; lastKnownFileType = wrapper.framework; name = SenTestingKit.framework; path = Library/Frameworks/SenTestingKit.framework; sourceTree = DEVELOPER_DIR; };
		D4EB0DA214395DA20034F48C /* TablutionTests.octest */ = {isa = PBXFileReference; explicitFileType = wrapper.cfbundle; includeInIndex = 0; path = TablutionTests.octest; sourceTree = BUILT_PRODUCTS_DIR; };
		D4EB0DA914395DA20034F48C /* TablutionTests-Info.plist */ = {isa = PBXFileReference; lastKnownFileType = text.plist.xml; path = "TablutionTests-Info.plist"; sourceTree = "<group>"; };
		D4EB0DAB14395DA20034F48C /* en */ = {isa = PBXFileReference; lastKnownFileType = text.plist.strings; name = en; path = en.lproj/InfoPlist.strings; sourceTree = "<group>"; };
		D4EB0DAD14395DA20034F48C /* TablutionTests.h */ = {isa = PBXFileReference; lastKnownFileType = sourcecode.c.h; path = TablutionTests.h; sourceTree = "<group>"; };
		D4EB0DAF14395DA20034F48C /* TablutionTests.m */ = {isa = PBXFileReference; lastKnownFileType = sourcecode.c.objc; path = TablutionTests.m; sourceTree = "<group>"; };
		D4EB0DB114395DA20034F48C /* TablutionTests-Prefix.pch */ = {isa = PBXFileReference; lastKnownFileType = sourcecode.c.h; path = "TablutionTests-Prefix.pch"; sourceTree = "<group>"; };
		D4F072371597AA7100CFC587 /* NSIndexSet+SetOperations.h */ = {isa = PBXFileReference; fileEncoding = 4; lastKnownFileType = sourcecode.c.h; path = "NSIndexSet+SetOperations.h"; sourceTree = "<group>"; };
		D4F072381597AA7100CFC587 /* NSIndexSet+SetOperations.m */ = {isa = PBXFileReference; fileEncoding = 4; lastKnownFileType = sourcecode.c.objc; path = "NSIndexSet+SetOperations.m"; sourceTree = "<group>"; };
/* End PBXFileReference section */

/* Begin PBXFrameworksBuildPhase section */
		8D15AC330486D014006FF6A4 /* Frameworks */ = {
			isa = PBXFrameworksBuildPhase;
			buildActionMask = 2147483647;
			files = (
				8D15AC340486D014006FF6A4 /* Cocoa.framework in Frameworks */,
			);
			runOnlyForDeploymentPostprocessing = 0;
		};
		D4EB0D9E14395DA20034F48C /* Frameworks */ = {
			isa = PBXFrameworksBuildPhase;
			buildActionMask = 2147483647;
			files = (
				D41C8F0C15857CAF00CD11FB /* SenTestingKit.framework in Frameworks */,
			);
			runOnlyForDeploymentPostprocessing = 0;
		};
/* End PBXFrameworksBuildPhase section */

/* Begin PBXGroup section */
		1058C7A6FEA54F5311CA2CBB /* Linked Frameworks */ = {
			isa = PBXGroup;
			children = (
				D4EB0D9B1438DBB40034F48C /* SenTestingKit.framework */,
				1058C7A7FEA54F5311CA2CBB /* Cocoa.framework */,
			);
			name = "Linked Frameworks";
			sourceTree = "<group>";
		};
		1058C7A8FEA54F5311CA2CBB /* Other Frameworks */ = {
			isa = PBXGroup;
			children = (
				2A37F4C4FDCFA73011CA2CEA /* AppKit.framework */,
				13E42FBA07B3F13500E4EEF1 /* CoreData.framework */,
				2A37F4C5FDCFA73011CA2CEA /* Foundation.framework */,
			);
			name = "Other Frameworks";
			sourceTree = "<group>";
		};
		19C28FB0FE9D524F11CA2CBB /* Products */ = {
			isa = PBXGroup;
			children = (
				8D15AC370486D014006FF6A4 /* tablution.app */,
				D4EB0DA214395DA20034F48C /* TablutionTests.octest */,
			);
			name = Products;
			sourceTree = "<group>";
		};
		2A37F4AAFDCFA73011CA2CEA /* tablution */ = {
			isa = PBXGroup;
			children = (
				2A37F4ABFDCFA73011CA2CEA /* Classes */,
				2A37F4AFFDCFA73011CA2CEA /* Other Sources */,
				2A37F4B8FDCFA73011CA2CEA /* Resources */,
				D4EB0DA714395DA20034F48C /* TablutionTests */,
				2A37F4C3FDCFA73011CA2CEA /* Frameworks */,
				19C28FB0FE9D524F11CA2CBB /* Products */,
			);
			name = tablution;
			sourceTree = "<group>";
		};
		2A37F4ABFDCFA73011CA2CEA /* Classes */ = {
			isa = PBXGroup;
			children = (
				D426E9C914C35A4A0031F745 /* TLSelectionManager.h */,
				D426E9CA14C35A4A0031F745 /* TLSelectionManager.m */,
				D46EFB0E1BE6F7E1008BFDA9 /* HandyTools.swift */,
				D4F072371597AA7100CFC587 /* NSIndexSet+SetOperations.h */,
				D4F072381597AA7100CFC587 /* NSIndexSet+SetOperations.m */,
				D464FF2A1BF9066800DA04C4 /* VTablutionDelegate.swift */,
				D439D4F31BC4D95A0075C65D /* VTabController.swift */,
				D49BD67C1BE6B16300234B4E /* VTabView.swift */,
				D479EF141BCADF7800BA2790 /* VTabDocument.swift */,
				D479EF161BCAE3CD00BA2790 /* VEditModeTransformer.swift */,
				D43025261A2AAB0F009F1ED0 /* VTablature.swift */,
				D41715F019FC7F790043561E /* VNote.swift */,
				D4BE12C719FCB72700ED336C /* VChord.swift */,
				D4E609141C07D2F100246E25 /* VNoteMarks.swift */,
				D41715ED19FC65D30043561E /* tablution-Bridging-Header.h */,
			);
			name = Classes;
			sourceTree = "<group>";
		};
		2A37F4AFFDCFA73011CA2CEA /* Other Sources */ = {
			isa = PBXGroup;
			children = (
				32DBCF750370BD2300C91783 /* tablution_Prefix.pch */,
				2A37F4B0FDCFA73011CA2CEA /* main.m */,
			);
			name = "Other Sources";
			sourceTree = "<group>";
		};
		2A37F4B8FDCFA73011CA2CEA /* Resources */ = {
			isa = PBXGroup;
			children = (
				D4E609121C07956700246E25 /* tablutionDoc.icns */,
				D42EA9D018627D96007F65F7 /* README.md */,
				2A37F4B9FDCFA73011CA2CEA /* Credits.rtf */,
				2A37F4B6FDCFA73011CA2CEA /* MainMenu.nib */,
				2A37F4B4FDCFA73011CA2CEA /* TabDocument.nib */,
				D464FF2C1BF9375300DA04C4 /* TablutionPrefs.xib */,
				8D15AC360486D014006FF6A4 /* Info.plist */,
				D45EBA81149467F30067EE82 /* keyBindings.plist */,
				D43327550F0D83650081EBAF /* InfoPlist.strings */,
			);
			name = Resources;
			sourceTree = "<group>";
		};
		2A37F4C3FDCFA73011CA2CEA /* Frameworks */ = {
			isa = PBXGroup;
			children = (
				1058C7A6FEA54F5311CA2CBB /* Linked Frameworks */,
				1058C7A8FEA54F5311CA2CBB /* Other Frameworks */,
			);
			name = Frameworks;
			sourceTree = "<group>";
		};
		D4EB0DA714395DA20034F48C /* TablutionTests */ = {
			isa = PBXGroup;
			children = (
				D4EB0DAD14395DA20034F48C /* TablutionTests.h */,
				D4EB0DAF14395DA20034F48C /* TablutionTests.m */,
				D41C8EC115856EE400CD11FB /* VTablatureTests.h */,
				D41C8EC215856EE400CD11FB /* VTablatureTests.m */,
				D4EB0DA814395DA20034F48C /* Supporting Files */,
			);
			path = TablutionTests;
			sourceTree = "<group>";
		};
		D4EB0DA814395DA20034F48C /* Supporting Files */ = {
			isa = PBXGroup;
			children = (
				D4EB0DA914395DA20034F48C /* TablutionTests-Info.plist */,
				D4EB0DAA14395DA20034F48C /* InfoPlist.strings */,
				D4EB0DB114395DA20034F48C /* TablutionTests-Prefix.pch */,
			);
			name = "Supporting Files";
			sourceTree = "<group>";
		};
/* End PBXGroup section */

/* Begin PBXNativeTarget section */
		8D15AC270486D014006FF6A4 /* tablution */ = {
			isa = PBXNativeTarget;
			buildConfigurationList = C05733C708A9546B00998B17 /* Build configuration list for PBXNativeTarget "tablution" */;
			buildPhases = (
				8D15AC2B0486D014006FF6A4 /* Resources */,
				8D15AC300486D014006FF6A4 /* Sources */,
				8D15AC330486D014006FF6A4 /* Frameworks */,
			);
			buildRules = (
			);
			dependencies = (
			);
			name = tablution;
			productInstallPath = "$(HOME)/Applications";
			productName = tablution;
			productReference = 8D15AC370486D014006FF6A4 /* tablution.app */;
			productType = "com.apple.product-type.application";
		};
		D4EB0DA114395DA20034F48C /* TablutionTests */ = {
			isa = PBXNativeTarget;
			buildConfigurationList = D4EB0DB214395DA20034F48C /* Build configuration list for PBXNativeTarget "TablutionTests" */;
			buildPhases = (
				D4EB0D9D14395DA20034F48C /* Sources */,
				D4EB0D9E14395DA20034F48C /* Frameworks */,
				D4EB0D9F14395DA20034F48C /* Resources */,
				D4EB0DA014395DA20034F48C /* ShellScript */,
			);
			buildRules = (
			);
			dependencies = (
				D4EB0DB6143976E90034F48C /* PBXTargetDependency */,
			);
			name = TablutionTests;
			productName = TablutionTests;
			productReference = D4EB0DA214395DA20034F48C /* TablutionTests.octest */;
			productType = "com.apple.product-type.bundle.ocunit-test";
		};
/* End PBXNativeTarget section */

/* Begin PBXProject section */
		2A37F4A9FDCFA73011CA2CEA /* Project object */ = {
			isa = PBXProject;
			attributes = {
				LastSwiftMigration = 0700;
				LastSwiftUpdateCheck = 0700;
				LastTestingUpgradeCheck = 0610;
				LastUpgradeCheck = 0500;
			};
			buildConfigurationList = C05733CB08A9546B00998B17 /* Build configuration list for PBXProject "tablution" */;
			compatibilityVersion = "Xcode 3.2";
			developmentRegion = English;
			hasScannedForEncodings = 1;
			knownRegions = (
				en,
			);
			mainGroup = 2A37F4AAFDCFA73011CA2CEA /* tablution */;
			projectDirPath = "";
			projectRoot = "";
			targets = (
				8D15AC270486D014006FF6A4 /* tablution */,
				D4EB0DA114395DA20034F48C /* TablutionTests */,
			);
		};
/* End PBXProject section */

/* Begin PBXResourcesBuildPhase section */
		8D15AC2B0486D014006FF6A4 /* Resources */ = {
			isa = PBXResourcesBuildPhase;
			buildActionMask = 2147483647;
			files = (
				D4E609131C07956700246E25 /* tablutionDoc.icns in Resources */,
				8D15AC2C0486D014006FF6A4 /* Credits.rtf in Resources */,
				8D15AC2D0486D014006FF6A4 /* MainMenu.nib in Resources */,
				8D15AC2E0486D014006FF6A4 /* TabDocument.nib in Resources */,
				D464FF2D1BF9375300DA04C4 /* TablutionPrefs.xib in Resources */,
				D43327560F0D83650081EBAF /* InfoPlist.strings in Resources */,
				D45EBA82149467F30067EE82 /* keyBindings.plist in Resources */,
			);
			runOnlyForDeploymentPostprocessing = 0;
		};
		D4EB0D9F14395DA20034F48C /* Resources */ = {
			isa = PBXResourcesBuildPhase;
			buildActionMask = 2147483647;
			files = (
				D4EB0DAC14395DA20034F48C /* InfoPlist.strings in Resources */,
				D4EB0DAE14395DA20034F48C /* TablutionTests.h in Resources */,
			);
			runOnlyForDeploymentPostprocessing = 0;
		};
/* End PBXResourcesBuildPhase section */

/* Begin PBXShellScriptBuildPhase section */
		D4EB0DA014395DA20034F48C /* ShellScript */ = {
			isa = PBXShellScriptBuildPhase;
			buildActionMask = 2147483647;
			files = (
			);
			inputPaths = (
			);
			outputPaths = (
			);
			runOnlyForDeploymentPostprocessing = 0;
			shellPath = /bin/sh;
			shellScript = "# Run the unit tests in this test bundle.\n\"${SYSTEM_DEVELOPER_DIR}/Tools/RunUnitTests\"\n";
		};
/* End PBXShellScriptBuildPhase section */

/* Begin PBXSourcesBuildPhase section */
		8D15AC300486D014006FF6A4 /* Sources */ = {
			isa = PBXSourcesBuildPhase;
			buildActionMask = 2147483647;
			files = (
				D479EF171BCAE3CD00BA2790 /* VEditModeTransformer.swift in Sources */,
				D49BD67D1BE6B16300234B4E /* VTabView.swift in Sources */,
				8D15AC320486D014006FF6A4 /* main.m in Sources */,
				D479EF151BCADF7800BA2790 /* VTabDocument.swift in Sources */,
				D46EFB0F1BE6F7E2008BFDA9 /* HandyTools.swift in Sources */,
				D43025271A2AAB0F009F1ED0 /* VTablature.swift in Sources */,
				D464FF2B1BF9066800DA04C4 /* VTablutionDelegate.swift in Sources */,
				D4E609151C07D2F100246E25 /* VNoteMarks.swift in Sources */,
				D426E9CB14C35A4A0031F745 /* TLSelectionManager.m in Sources */,
				D41715F119FC7F790043561E /* VNote.swift in Sources */,
				D4BE12C819FCB72700ED336C /* VChord.swift in Sources */,
				D4F072391597AA7100CFC587 /* NSIndexSet+SetOperations.m in Sources */,
				D439D4F41BC4D95A0075C65D /* VTabController.swift in Sources */,
			);
			runOnlyForDeploymentPostprocessing = 0;
		};
		D4EB0D9D14395DA20034F48C /* Sources */ = {
			isa = PBXSourcesBuildPhase;
			buildActionMask = 2147483647;
			files = (
				D4EB0DB014395DA20034F48C /* TablutionTests.m in Sources */,
				D41C8EC315856EE400CD11FB /* VTablatureTests.m in Sources */,
			);
			runOnlyForDeploymentPostprocessing = 0;
		};
/* End PBXSourcesBuildPhase section */

/* Begin PBXTargetDependency section */
		D4EB0DB6143976E90034F48C /* PBXTargetDependency */ = {
			isa = PBXTargetDependency;
			target = 8D15AC270486D014006FF6A4 /* tablution */;
			targetProxy = D4EB0DB5143976E90034F48C /* PBXContainerItemProxy */;
		};
/* End PBXTargetDependency section */

/* Begin PBXVariantGroup section */
		2A37F4B4FDCFA73011CA2CEA /* TabDocument.nib */ = {
			isa = PBXVariantGroup;
			children = (
				2A37F4B5FDCFA73011CA2CEA /* English */,
			);
			name = TabDocument.nib;
			sourceTree = "<group>";
		};
		2A37F4B6FDCFA73011CA2CEA /* MainMenu.nib */ = {
			isa = PBXVariantGroup;
			children = (
				2A37F4B7FDCFA73011CA2CEA /* English */,
			);
			name = MainMenu.nib;
			sourceTree = "<group>";
		};
		2A37F4B9FDCFA73011CA2CEA /* Credits.rtf */ = {
			isa = PBXVariantGroup;
			children = (
				2A37F4BAFDCFA73011CA2CEA /* English */,
			);
			name = Credits.rtf;
			sourceTree = "<group>";
		};
		D4EB0DAA14395DA20034F48C /* InfoPlist.strings */ = {
			isa = PBXVariantGroup;
			children = (
				D4EB0DAB14395DA20034F48C /* en */,
			);
			name = InfoPlist.strings;
			sourceTree = "<group>";
		};
/* End PBXVariantGroup section */

/* Begin XCBuildConfiguration section */
		C05733C808A9546B00998B17 /* Debug */ = {
			isa = XCBuildConfiguration;
			buildSettings = {
				CLANG_ENABLE_MODULES = YES;
				CLANG_ENABLE_OBJC_ARC = YES;
				COMBINE_HIDPI_IMAGES = YES;
				COPY_PHASE_STRIP = NO;
				DEFINES_MODULE = YES;
				EMBEDDED_CONTENT_CONTAINS_SWIFT = YES;
				FRAMEWORK_SEARCH_PATHS = (
					"$(inherited)",
					"\"$(SRCROOT)\"",
					"\"$(DEVELOPER_FRAMEWORKS_DIR)\"",
				);
				GCC_DYNAMIC_NO_PIC = NO;
				GCC_MODEL_TUNING = G5;
				GCC_OPTIMIZATION_LEVEL = 0;
				GCC_PRECOMPILE_PREFIX_HEADER = YES;
				GCC_PREFIX_HEADER = tablution_Prefix.pch;
				GCC_SYMBOLS_PRIVATE_EXTERN = NO;
				GCC_VERSION = "";
				INFOPLIST_FILE = Info.plist;
				INSTALL_PATH = "$(HOME)/Applications";
				LD_RUNPATH_SEARCH_PATHS = "$(inherited) @executable_path/../Frameworks @executable_path/Frameworks @loader_path/Frameworks";
				PRODUCT_NAME = tablution;
				SDKROOT = macosx;
				STRINGS_FILE_OUTPUT_ENCODING = "UTF-16";
				SWIFT_OBJC_BRIDGING_HEADER = "tablution-Bridging-Header.h";
				SWIFT_OPTIMIZATION_LEVEL = "-Onone";
				TEST_AFTER_BUILD = YES;
				WRAPPER_EXTENSION = app;
				ZERO_LINK = YES;
			};
			name = Debug;
		};
		C05733C908A9546B00998B17 /* Release */ = {
			isa = XCBuildConfiguration;
			buildSettings = {
				CLANG_ENABLE_MODULES = YES;
				CLANG_ENABLE_OBJC_ARC = YES;
				COMBINE_HIDPI_IMAGES = YES;
				DEBUG_INFORMATION_FORMAT = "dwarf-with-dsym";
				DEFINES_MODULE = YES;
				EMBEDDED_CONTENT_CONTAINS_SWIFT = YES;
				FRAMEWORK_SEARCH_PATHS = (
					"$(inherited)",
					"\"$(SRCROOT)\"",
					"\"$(DEVELOPER_FRAMEWORKS_DIR)\"",
				);
				GCC_MODEL_TUNING = G5;
				GCC_PRECOMPILE_PREFIX_HEADER = YES;
				GCC_PREFIX_HEADER = tablution_Prefix.pch;
				GCC_SYMBOLS_PRIVATE_EXTERN = NO;
				GCC_VERSION = "";
				INFOPLIST_FILE = Info.plist;
				INSTALL_PATH = "$(HOME)/Applications";
				LD_RUNPATH_SEARCH_PATHS = "$(inherited) @executable_path/../Frameworks @executable_path/Frameworks @loader_path/Frameworks";
				PRODUCT_NAME = tablution;
				SDKROOT = macosx;
				STRINGS_FILE_OUTPUT_ENCODING = "UTF-16";
				SWIFT_OBJC_BRIDGING_HEADER = "tablution-Bridging-Header.h";
				TEST_AFTER_BUILD = YES;
				WRAPPER_EXTENSION = app;
			};
			name = Release;
		};
		C05733CC08A9546B00998B17 /* Debug */ = {
			isa = XCBuildConfiguration;
			buildSettings = {
				GCC_WARN_ABOUT_RETURN_TYPE = YES;
				GCC_WARN_UNUSED_VARIABLE = YES;
				MACOSX_DEPLOYMENT_TARGET = 10.10;
				ONLY_ACTIVE_ARCH = YES;
				SDKROOT = "$(DEVELOPER_SDK_DIR)/MacOSX10.5.sdk";
				SWIFT_OBJC_BRIDGING_HEADER = "tablution-Bridging-Header.h";
			};
			name = Debug;
		};
		C05733CD08A9546B00998B17 /* Release */ = {
			isa = XCBuildConfiguration;
			buildSettings = {
				GCC_WARN_ABOUT_RETURN_TYPE = YES;
				GCC_WARN_UNUSED_VARIABLE = YES;
				MACOSX_DEPLOYMENT_TARGET = 10.10;
				SDKROOT = "$(DEVELOPER_SDK_DIR)/MacOSX10.5.sdk";
				SWIFT_OBJC_BRIDGING_HEADER = "tablution-Bridging-Header.h";
			};
			name = Release;
		};
		D4EB0DB314395DA20034F48C /* Debug */ = {
			isa = XCBuildConfiguration;
			buildSettings = {
				ALWAYS_SEARCH_USER_PATHS = NO;
				BUNDLE_LOADER = "$(BUILT_PRODUCTS_DIR)/tablution.app/Contents/MacOS/tablution";
				CLANG_ENABLE_OBJC_ARC = YES;
				COMBINE_HIDPI_IMAGES = YES;
				COPY_PHASE_STRIP = NO;
				FRAMEWORK_SEARCH_PATHS = (
					"$(inherited)",
					"\"$(DEVELOPER_LIBRARY_DIR)/Frameworks\"",
					"\"$(SRCROOT)\"",
					"\"$(DEVELOPER_FRAMEWORKS_DIR)\"",
				);
				GCC_C_LANGUAGE_STANDARD = gnu99;
				GCC_DYNAMIC_NO_PIC = NO;
				GCC_ENABLE_OBJC_EXCEPTIONS = YES;
				GCC_OPTIMIZATION_LEVEL = 0;
				GCC_PRECOMPILE_PREFIX_HEADER = YES;
				GCC_PREFIX_HEADER = "TablutionTests/TablutionTests-Prefix.pch";
				GCC_PREPROCESSOR_DEFINITIONS = (
					"DEBUG=1",
					"$(inherited)",
				);
				GCC_SYMBOLS_PRIVATE_EXTERN = NO;
				GCC_VERSION = "";
				GCC_WARN_64_TO_32_BIT_CONVERSION = YES;
				GCC_WARN_ABOUT_MISSING_PROTOTYPES = YES;
				INFOPLIST_FILE = "TablutionTests/TablutionTests-Info.plist";
				ONLY_ACTIVE_ARCH = NO;
				PRODUCT_NAME = "$(TARGET_NAME)";
				SDKROOT = macosx;
				TEST_HOST = "$(BUNDLE_LOADER)";
				WRAPPER_EXTENSION = octest;
			};
			name = Debug;
		};
		D4EB0DB414395DA20034F48C /* Release */ = {
			isa = XCBuildConfiguration;
			buildSettings = {
				ALWAYS_SEARCH_USER_PATHS = NO;
				BUNDLE_LOADER = "$(BUILT_PRODUCTS_DIR)/tablution.app/Contents/MacOS/tablution";
				CLANG_ENABLE_OBJC_ARC = YES;
				COMBINE_HIDPI_IMAGES = YES;
				COPY_PHASE_STRIP = YES;
				DEBUG_INFORMATION_FORMAT = "dwarf-with-dsym";
				FRAMEWORK_SEARCH_PATHS = (
					"$(inherited)",
					"\"$(DEVELOPER_LIBRARY_DIR)/Frameworks\"",
					"\"$(SRCROOT)\"",
					"\"$(DEVELOPER_FRAMEWORKS_DIR)\"",
				);
				GCC_C_LANGUAGE_STANDARD = gnu99;
				GCC_ENABLE_OBJC_EXCEPTIONS = YES;
				GCC_PRECOMPILE_PREFIX_HEADER = YES;
				GCC_PREFIX_HEADER = "TablutionTests/TablutionTests-Prefix.pch";
				GCC_VERSION = "";
				GCC_WARN_64_TO_32_BIT_CONVERSION = YES;
				GCC_WARN_ABOUT_MISSING_PROTOTYPES = YES;
				INFOPLIST_FILE = "TablutionTests/TablutionTests-Info.plist";
				ONLY_ACTIVE_ARCH = NO;
				PRODUCT_NAME = "$(TARGET_NAME)";
				SDKROOT = macosx;
				TEST_HOST = "$(BUNDLE_LOADER)";
				WRAPPER_EXTENSION = octest;
			};
			name = Release;
		};
/* End XCBuildConfiguration section */

/* Begin XCConfigurationList section */
		C05733C708A9546B00998B17 /* Build configuration list for PBXNativeTarget "tablution" */ = {
			isa = XCConfigurationList;
			buildConfigurations = (
				C05733C808A9546B00998B17 /* Debug */,
				C05733C908A9546B00998B17 /* Release */,
			);
			defaultConfigurationIsVisible = 0;
			defaultConfigurationName = Release;
		};
		C05733CB08A9546B00998B17 /* Build configuration list for PBXProject "tablution" */ = {
			isa = XCConfigurationList;
			buildConfigurations = (
				C05733CC08A9546B00998B17 /* Debug */,
				C05733CD08A9546B00998B17 /* Release */,
			);
			defaultConfigurationIsVisible = 0;
			defaultConfigurationName = Release;
		};
		D4EB0DB214395DA20034F48C /* Build configuration list for PBXNativeTarget "TablutionTests" */ = {
			isa = XCConfigurationList;
			buildConfigurations = (
				D4EB0DB314395DA20034F48C /* Debug */,
				D4EB0DB414395DA20034F48C /* Release */,
			);
			defaultConfigurationIsVisible = 0;
			defaultConfigurationName = Release;
		};
/* End XCConfigurationList section */
	};
	rootObject = 2A37F4A9FDCFA73011CA2CEA /* Project object */;
}
